
Microsoft Visual Studio Solution File, Format Version 12.00
# Visual Studio Version 17
VisualStudioVersion = 17.8.34330.188
MinimumVisualStudioVersion = 10.0.40219.1
Project("{FAE04EC0-301F-11D3-BF4B-00C04F79EFBC}") = "CursoCSharp", "CursoCSharp.csproj", "{9789A07C-3220-45A0-88FC-9BE247FC94F9}"
EndProject
Global
	GlobalSection(SolutionConfigurationPlatforms) = preSolution
		Debug|Any CPU = Debug|Any CPU
		Release|Any CPU = Release|Any CPU
	EndGlobalSection
	GlobalSection(ProjectConfigurationPlatforms) = postSolution
		{9789A07C-3220-45A0-88FC-9BE247FC94F9}.Debug|Any CPU.ActiveCfg = Debug|Any CPU
		{9789A07C-3220-45A0-88FC-9BE247FC94F9}.Debug|Any CPU.Build.0 = Debug|Any CPU
		{9789A07C-3220-45A0-88FC-9BE247FC94F9}.Release|Any CPU.ActiveCfg = Release|Any CPU
		{9789A07C-3220-45A0-88FC-9BE247FC94F9}.Release|Any CPU.Build.0 = Release|Any CPU
	EndGlobalSection
	GlobalSection(SolutionProperties) = preSolution
		HideSolutionNode = FALSE
	EndGlobalSection
	GlobalSection(ExtensibilityGlobals) = postSolution
		SolutionGuid = {7F8D869F-1F5D-4237-8DC5-60C52EED64BF}
	EndGlobalSection
EndGlobal
