
Microsoft Visual Studio Solution File, Format Version 12.00
# Visual Studio Version 17
VisualStudioVersion = 17.8.34330.188
MinimumVisualStudioVersion = 10.0.40219.1
Project("{FAE04EC0-301F-11D3-BF4B-00C04F79EFBC}") = "MultiplicaçãoMatrizes", "MultiplicaçãoMatrizes.csproj", "{99B43614-ACBC-4E2C-A788-0F71F97AC274}"
EndProject
Global
	GlobalSection(SolutionConfigurationPlatforms) = preSolution
		Debug|Any CPU = Debug|Any CPU
		Release|Any CPU = Release|Any CPU
	EndGlobalSection
	GlobalSection(ProjectConfigurationPlatforms) = postSolution
		{99B43614-ACBC-4E2C-A788-0F71F97AC274}.Debug|Any CPU.ActiveCfg = Debug|Any CPU
		{99B43614-ACBC-4E2C-A788-0F71F97AC274}.Debug|Any CPU.Build.0 = Debug|Any CPU
		{99B43614-ACBC-4E2C-A788-0F71F97AC274}.Release|Any CPU.ActiveCfg = Release|Any CPU
		{99B43614-ACBC-4E2C-A788-0F71F97AC274}.Release|Any CPU.Build.0 = Release|Any CPU
	EndGlobalSection
	GlobalSection(SolutionProperties) = preSolution
		HideSolutionNode = FALSE
	EndGlobalSection
	GlobalSection(ExtensibilityGlobals) = postSolution
		SolutionGuid = {42840482-4EFD-467B-BCC3-39E24508AE11}
	EndGlobalSection
EndGlobal
