
Microsoft Visual Studio Solution File, Format Version 12.00
# Visual Studio Version 17
VisualStudioVersion = 17.8.34330.188
MinimumVisualStudioVersion = 10.0.40219.1
Project("{FAE04EC0-301F-11D3-BF4B-00C04F79EFBC}") = "Condicao", "Condicao.csproj", "{B8B60C3E-218D-4D5B-BBD8-B04E936D10D1}"
EndProject
Global
	GlobalSection(SolutionConfigurationPlatforms) = preSolution
		Debug|Any CPU = Debug|Any CPU
		Release|Any CPU = Release|Any CPU
	EndGlobalSection
	GlobalSection(ProjectConfigurationPlatforms) = postSolution
		{B8B60C3E-218D-4D5B-BBD8-B04E936D10D1}.Debug|Any CPU.ActiveCfg = Debug|Any CPU
		{B8B60C3E-218D-4D5B-BBD8-B04E936D10D1}.Debug|Any CPU.Build.0 = Debug|Any CPU
		{B8B60C3E-218D-4D5B-BBD8-B04E936D10D1}.Release|Any CPU.ActiveCfg = Release|Any CPU
		{B8B60C3E-218D-4D5B-BBD8-B04E936D10D1}.Release|Any CPU.Build.0 = Release|Any CPU
	EndGlobalSection
	GlobalSection(SolutionProperties) = preSolution
		HideSolutionNode = FALSE
	EndGlobalSection
	GlobalSection(ExtensibilityGlobals) = postSolution
		SolutionGuid = {91311837-7DFE-4CFB-9558-12EB32A46088}
	EndGlobalSection
EndGlobal
