
Microsoft Visual Studio Solution File, Format Version 12.00
# Visual Studio Version 17
VisualStudioVersion = 17.8.34330.188
MinimumVisualStudioVersion = 10.0.40219.1
Project("{FAE04EC0-301F-11D3-BF4B-00C04F79EFBC}") = "EtradaSaida", "EtradaSaida.csproj", "{961FCA4F-4680-44CB-A703-000C1300E891}"
EndProject
Global
	GlobalSection(SolutionConfigurationPlatforms) = preSolution
		Debug|Any CPU = Debug|Any CPU
		Release|Any CPU = Release|Any CPU
	EndGlobalSection
	GlobalSection(ProjectConfigurationPlatforms) = postSolution
		{961FCA4F-4680-44CB-A703-000C1300E891}.Debug|Any CPU.ActiveCfg = Debug|Any CPU
		{961FCA4F-4680-44CB-A703-000C1300E891}.Debug|Any CPU.Build.0 = Debug|Any CPU
		{961FCA4F-4680-44CB-A703-000C1300E891}.Release|Any CPU.ActiveCfg = Release|Any CPU
		{961FCA4F-4680-44CB-A703-000C1300E891}.Release|Any CPU.Build.0 = Release|Any CPU
	EndGlobalSection
	GlobalSection(SolutionProperties) = preSolution
		HideSolutionNode = FALSE
	EndGlobalSection
	GlobalSection(ExtensibilityGlobals) = postSolution
		SolutionGuid = {241E872D-E82D-41EF-BA2E-9211F6C31829}
	EndGlobalSection
EndGlobal
